PODS:
  - Capacitor (7.4.3):
    - CapacitorCordova
  - CapacitorCordova (7.4.3)
  - CapacitorInappbrowser (2.3.1):
    - Capacitor
    - OSInAppBrowserLib (~> 2.1.0)
  - CapacitorKeyboard (7.0.2):
    - Capacitor
  - CapacitorNetwork (7.0.2):
    - Capacitor
  - CapacitorSplashScreen (7.0.3):
    - Capacitor
  - CapacitorStatusBar (7.0.2):
    - Capacitor
  - CapawesomeCapacitorBadge (7.0.1):
    - Capacitor
  - OSInAppBrowserLib (2.1.0)

DEPENDENCIES:
  - "Capacitor (from `../../node_modules/@capacitor/ios`)"
  - "CapacitorCordova (from `../../node_modules/@capacitor/ios`)"
  - "CapacitorInappbrowser (from `../../node_modules/@capacitor/inappbrowser`)"
  - "CapacitorKeyboard (from `../../node_modules/@capacitor/keyboard`)"
  - "CapacitorNetwork (from `../../node_modules/@capacitor/network`)"
  - "CapacitorSplashScreen (from `../../node_modules/@capacitor/splash-screen`)"
  - "CapacitorStatusBar (from `../../node_modules/@capacitor/status-bar`)"
  - "CapawesomeCapacitorBadge (from `../../node_modules/@capawesome/capacitor-badge`)"

SPEC REPOS:
  trunk:
    - OSInAppBrowserLib

EXTERNAL SOURCES:
  Capacitor:
    :path: "../../node_modules/@capacitor/ios"
  CapacitorCordova:
    :path: "../../node_modules/@capacitor/ios"
  CapacitorInappbrowser:
    :path: "../../node_modules/@capacitor/inappbrowser"
  CapacitorKeyboard:
    :path: "../../node_modules/@capacitor/keyboard"
  CapacitorNetwork:
    :path: "../../node_modules/@capacitor/network"
  CapacitorSplashScreen:
    :path: "../../node_modules/@capacitor/splash-screen"
  CapacitorStatusBar:
    :path: "../../node_modules/@capacitor/status-bar"
  CapawesomeCapacitorBadge:
    :path: "../../node_modules/@capawesome/capacitor-badge"

SPEC CHECKSUMS:
  Capacitor: b4741ca7affb32c1b70debd03df92cbf522d8a80
  CapacitorCordova: 435121e81a2df4d0034f0fb11fcefab5104cfdb5
  CapacitorInappbrowser: e837e82db2e09ac70adff175f1aaa1eb021039e8
  CapacitorKeyboard: 056bbe3711830ccb782f1705a8ad183b27b6c51e
  CapacitorNetwork: 9b9eaeb417ec0ffa22e2bc33a4c71df10e1d6f06
  CapacitorSplashScreen: d06ae8804808e9f649a08e7bb7f283c77b688084
  CapacitorStatusBar: 5526833b87fa9c96a2a90c1322bb1f663c04505f
  CapawesomeCapacitorBadge: 48e5431c8b9909568ac5e5bf24163d92e1d9ed18
  OSInAppBrowserLib: 02111d866ad1bf19c663cd9b268bb22c7d41df4f

PODFILE CHECKSUM: 96d34d2ab2c71c399aeaa755e6922ef05ad09d65

COCOAPODS: 1.15.2
